
Microsoft Visual Studio Solution File, Format Version 12.00
# Visual Studio 15
VisualStudioVersion = 15.0.28307.271
MinimumVisualStudioVersion = 10.0.40219.1
Project("{888888A0-9F3D-457C-B088-3A5042F75D52}") = "Exercise3", "Exercise3\Exercise3.pyproj", "{53E20895-154A-42E2-9815-4880C416EF65}"
EndProject
Global
	GlobalSection(SolutionConfigurationPlatforms) = preSolution
		Debug|Any CPU = Debug|Any CPU
		Release|Any CPU = Release|Any CPU
	EndGlobalSection
	GlobalSection(ProjectConfigurationPlatforms) = postSolution
		{53E20895-154A-42E2-9815-4880C416EF65}.Debug|Any CPU.ActiveCfg = Debug|Any CPU
		{53E20895-154A-42E2-9815-4880C416EF65}.Release|Any CPU.ActiveCfg = Release|Any CPU
	EndGlobalSection
	GlobalSection(SolutionProperties) = preSolution
		HideSolutionNode = FALSE
	EndGlobalSection
	GlobalSection(ExtensibilityGlobals) = postSolution
		SolutionGuid = {526D3142-84CD-4B5F-A0BA-921B607B3A36}
	EndGlobalSection
EndGlobal
